
Microsoft Visual Studio Solution File, Format Version 12.00
# Visual Studio Version 17
VisualStudioVersion = 17.10.34928.147
MinimumVisualStudioVersion = 10.0.40219.1
Project("{FAE04EC0-301F-11D3-BF4B-00C04F79EFBC}") = "MyEnvironmentApp", "MyEnvironmentApp\MyEnvironmentApp.csproj", "{4C382688-A31D-4651-B262-48CF5FA62F5F}"
EndProject
Project("{FAE04EC0-301F-11D3-BF4B-00C04F79EFBC}") = "SetEnvApp", "SetEnvApp\SetEnvApp.csproj", "{4C9C5CCE-4AF9-4BE4-B99A-983741B16526}"
EndProject
Global
	GlobalSection(SolutionConfigurationPlatforms) = preSolution
		Debug|Any CPU = Debug|Any CPU
		Release|Any CPU = Release|Any CPU
	EndGlobalSection
	GlobalSection(ProjectConfigurationPlatforms) = postSolution
		{4C382688-A31D-4651-B262-48CF5FA62F5F}.Debug|Any CPU.ActiveCfg = Debug|Any CPU
		{4C382688-A31D-4651-B262-48CF5FA62F5F}.Debug|Any CPU.Build.0 = Debug|Any CPU
		{4C382688-A31D-4651-B262-48CF5FA62F5F}.Release|Any CPU.ActiveCfg = Release|Any CPU
		{4C382688-A31D-4651-B262-48CF5FA62F5F}.Release|Any CPU.Build.0 = Release|Any CPU
		{4C9C5CCE-4AF9-4BE4-B99A-983741B16526}.Debug|Any CPU.ActiveCfg = Debug|Any CPU
		{4C9C5CCE-4AF9-4BE4-B99A-983741B16526}.Debug|Any CPU.Build.0 = Debug|Any CPU
		{4C9C5CCE-4AF9-4BE4-B99A-983741B16526}.Release|Any CPU.ActiveCfg = Release|Any CPU
		{4C9C5CCE-4AF9-4BE4-B99A-983741B16526}.Release|Any CPU.Build.0 = Release|Any CPU
	EndGlobalSection
	GlobalSection(SolutionProperties) = preSolution
		HideSolutionNode = FALSE
	EndGlobalSection
	GlobalSection(ExtensibilityGlobals) = postSolution
		SolutionGuid = {A0B02D33-2BA7-45E3-808A-D2238601EC96}
	EndGlobalSection
EndGlobal
